
Microsoft Visual Studio Solution File, Format Version 12.00
# Visual Studio Version 17
VisualStudioVersion = 17.0.31903.59
MinimumVisualStudioVersion = 10.0.40219.1
Project("{FAE04EC0-301F-11D3-BF4B-00C04F79EFBC}") = "ThreadDemo", "ThreadDemo\ThreadDemo.csproj", "{9C56260C-054A-4935-82FC-F1B9C32EFBB1}"
EndProject
Project("{FAE04EC0-301F-11D3-BF4B-00C04F79EFBC}") = "Task", "Task\Task.csproj", "{A7C65AAC-915D-422E-AC98-4F4E0156D307}"
EndProject
Project("{FAE04EC0-301F-11D3-BF4B-00C04F79EFBC}") = "TaskExercise", "TaskExercise\TaskExercise.csproj", "{B13F448F-9215-42BD-B2F4-763F6C34B7F8}"
EndProject
Project("{FAE04EC0-301F-11D3-BF4B-00C04F79EFBC}") = "Lock", "Lock\Lock.csproj", "{B1D0BC76-59DD-4C03-948C-125FDB3A9BE2}"
EndProject
Project("{FAE04EC0-301F-11D3-BF4B-00C04F79EFBC}") = "Tugas", "Tugas\Tugas.csproj", "{646FEF6D-9B21-42C4-9C84-543B2F9CF79C}"
EndProject
Project("{FAE04EC0-301F-11D3-BF4B-00C04F79EFBC}") = "TugasThread", "TugasThread\TugasThread.csproj", "{337F490A-1041-47D4-8EEF-05AC7D3E3BC8}"
EndProject
Global
	GlobalSection(SolutionConfigurationPlatforms) = preSolution
		Debug|Any CPU = Debug|Any CPU
		Release|Any CPU = Release|Any CPU
	EndGlobalSection
	GlobalSection(SolutionProperties) = preSolution
		HideSolutionNode = FALSE
	EndGlobalSection
	GlobalSection(ProjectConfigurationPlatforms) = postSolution
		{9C56260C-054A-4935-82FC-F1B9C32EFBB1}.Debug|Any CPU.ActiveCfg = Debug|Any CPU
		{9C56260C-054A-4935-82FC-F1B9C32EFBB1}.Debug|Any CPU.Build.0 = Debug|Any CPU
		{9C56260C-054A-4935-82FC-F1B9C32EFBB1}.Release|Any CPU.ActiveCfg = Release|Any CPU
		{9C56260C-054A-4935-82FC-F1B9C32EFBB1}.Release|Any CPU.Build.0 = Release|Any CPU
		{A7C65AAC-915D-422E-AC98-4F4E0156D307}.Debug|Any CPU.ActiveCfg = Debug|Any CPU
		{A7C65AAC-915D-422E-AC98-4F4E0156D307}.Debug|Any CPU.Build.0 = Debug|Any CPU
		{A7C65AAC-915D-422E-AC98-4F4E0156D307}.Release|Any CPU.ActiveCfg = Release|Any CPU
		{A7C65AAC-915D-422E-AC98-4F4E0156D307}.Release|Any CPU.Build.0 = Release|Any CPU
		{B13F448F-9215-42BD-B2F4-763F6C34B7F8}.Debug|Any CPU.ActiveCfg = Debug|Any CPU
		{B13F448F-9215-42BD-B2F4-763F6C34B7F8}.Debug|Any CPU.Build.0 = Debug|Any CPU
		{B13F448F-9215-42BD-B2F4-763F6C34B7F8}.Release|Any CPU.ActiveCfg = Release|Any CPU
		{B13F448F-9215-42BD-B2F4-763F6C34B7F8}.Release|Any CPU.Build.0 = Release|Any CPU
		{B1D0BC76-59DD-4C03-948C-125FDB3A9BE2}.Debug|Any CPU.ActiveCfg = Debug|Any CPU
		{B1D0BC76-59DD-4C03-948C-125FDB3A9BE2}.Debug|Any CPU.Build.0 = Debug|Any CPU
		{B1D0BC76-59DD-4C03-948C-125FDB3A9BE2}.Release|Any CPU.ActiveCfg = Release|Any CPU
		{B1D0BC76-59DD-4C03-948C-125FDB3A9BE2}.Release|Any CPU.Build.0 = Release|Any CPU
		{646FEF6D-9B21-42C4-9C84-543B2F9CF79C}.Debug|Any CPU.ActiveCfg = Debug|Any CPU
		{646FEF6D-9B21-42C4-9C84-543B2F9CF79C}.Debug|Any CPU.Build.0 = Debug|Any CPU
		{646FEF6D-9B21-42C4-9C84-543B2F9CF79C}.Release|Any CPU.ActiveCfg = Release|Any CPU
		{646FEF6D-9B21-42C4-9C84-543B2F9CF79C}.Release|Any CPU.Build.0 = Release|Any CPU
		{337F490A-1041-47D4-8EEF-05AC7D3E3BC8}.Debug|Any CPU.ActiveCfg = Debug|Any CPU
		{337F490A-1041-47D4-8EEF-05AC7D3E3BC8}.Debug|Any CPU.Build.0 = Debug|Any CPU
		{337F490A-1041-47D4-8EEF-05AC7D3E3BC8}.Release|Any CPU.ActiveCfg = Release|Any CPU
		{337F490A-1041-47D4-8EEF-05AC7D3E3BC8}.Release|Any CPU.Build.0 = Release|Any CPU
	EndGlobalSection
EndGlobal
