
Microsoft Visual Studio Solution File, Format Version 12.00
# Visual Studio Version 17
VisualStudioVersion = 17.5.002.0
MinimumVisualStudioVersion = 10.0.40219.1
Project("{9A19103F-16F7-4668-BE54-9A1E7A4F7556}") = "GameCheckker", "GameCheckker.csproj", "{A2EE397F-3973-4AF0-9C7A-7D142E5B4A6B}"
EndProject
Project("{FAE04EC0-301F-11D3-BF4B-00C04F79EFBC}") = "Checkker.Test", "Checkker.Test\Checkker.Test.csproj", "{00ED2F73-DBAB-40B5-AD39-C7D34AAF5792}"
EndProject
Global
	GlobalSection(SolutionConfigurationPlatforms) = preSolution
		Debug|Any CPU = Debug|Any CPU
		Release|Any CPU = Release|Any CPU
	EndGlobalSection
	GlobalSection(ProjectConfigurationPlatforms) = postSolution
		{A2EE397F-3973-4AF0-9C7A-7D142E5B4A6B}.Debug|Any CPU.ActiveCfg = Debug|Any CPU
		{A2EE397F-3973-4AF0-9C7A-7D142E5B4A6B}.Debug|Any CPU.Build.0 = Debug|Any CPU
		{A2EE397F-3973-4AF0-9C7A-7D142E5B4A6B}.Release|Any CPU.ActiveCfg = Release|Any CPU
		{A2EE397F-3973-4AF0-9C7A-7D142E5B4A6B}.Release|Any CPU.Build.0 = Release|Any CPU
		{00ED2F73-DBAB-40B5-AD39-C7D34AAF5792}.Debug|Any CPU.ActiveCfg = Debug|Any CPU
		{00ED2F73-DBAB-40B5-AD39-C7D34AAF5792}.Debug|Any CPU.Build.0 = Debug|Any CPU
		{00ED2F73-DBAB-40B5-AD39-C7D34AAF5792}.Release|Any CPU.ActiveCfg = Release|Any CPU
		{00ED2F73-DBAB-40B5-AD39-C7D34AAF5792}.Release|Any CPU.Build.0 = Release|Any CPU
	EndGlobalSection
	GlobalSection(SolutionProperties) = preSolution
		HideSolutionNode = FALSE
	EndGlobalSection
	GlobalSection(ExtensibilityGlobals) = postSolution
		SolutionGuid = {994A8C12-1420-4217-9BC8-A33FADC20237}
	EndGlobalSection
EndGlobal
